// !$*UTF8*$!
{
	archiveVersion = 1;
	classes = {
	};
	objectVersion = 50;
	objects = {

/* Begin PBXBuildFile section */
		257ED1E62753CB8F0064EB99 /* AppDelegate.swift in Sources */ = {isa = PBXBuildFile; fileRef = 257ED1E52753CB8F0064EB99 /* AppDelegate.swift */; };
		257ED1E82753CB8F0064EB99 /* SceneDelegate.swift in Sources */ = {isa = PBXBuildFile; fileRef = 257ED1E72753CB8F0064EB99 /* SceneDelegate.swift */; };
		257ED1EA2753CB8F0064EB99 /* ViewController.swift in Sources */ = {isa = PBXBuildFile; fileRef = 257ED1E92753CB8F0064EB99 /* ViewController.swift */; };
		257ED1ED2753CB8F0064EB99 /* Main.storyboard in Resources */ = {isa = PBXBuildFile; fileRef = 257ED1EB2753CB8F0064EB99 /* Main.storyboard */; };
		257ED1EF2753CB900064EB99 /* Assets.xcassets in Resources */ = {isa = PBXBuildFile; fileRef = 257ED1EE2753CB900064EB99 /* Assets.xcassets */; };
		257ED1F22753CB900064EB99 /* LaunchScreen.storyboard in Resources */ = {isa = PBXBuildFile; fileRef = 257ED1F02753CB900064EB99 /* LaunchScreen.storyboard */; };
		257ED1FD2753CB900064EB99 /* SampleBayutTests.swift in Sources */ = {isa = PBXBuildFile; fileRef = 257ED1FC2753CB900064EB99 /* SampleBayutTests.swift */; };
		257ED2082753CB900064EB99 /* SampleBayutUITests.swift in Sources */ = {isa = PBXBuildFile; fileRef = 257ED2072753CB900064EB99 /* SampleBayutUITests.swift */; };
		257ED21A2753D57C0064EB99 /* Scene.swift in Sources */ = {isa = PBXBuildFile; fileRef = 257ED2162753D57C0064EB99 /* Scene.swift */; };
		257ED21B2753D57C0064EB99 /* UIViewController+Storyboard.swift in Sources */ = {isa = PBXBuildFile; fileRef = 257ED2172753D57C0064EB99 /* UIViewController+Storyboard.swift */; };
		257ED21C2753D57C0064EB99 /* Router.swift in Sources */ = {isa = PBXBuildFile; fileRef = 257ED2182753D57C0064EB99 /* Router.swift */; };
		257ED21D2753D57C0064EB99 /* SceneFactory.swift in Sources */ = {isa = PBXBuildFile; fileRef = 257ED2192753D57C0064EB99 /* SceneFactory.swift */; };
		257ED2242753D5DB0064EB99 /* APIClient.swift in Sources */ = {isa = PBXBuildFile; fileRef = 257ED21F2753D5DA0064EB99 /* APIClient.swift */; };
		257ED2252753D5DB0064EB99 /* URLSessionProtocol.swift in Sources */ = {isa = PBXBuildFile; fileRef = 257ED2202753D5DA0064EB99 /* URLSessionProtocol.swift */; };
		257ED2262753D5DB0064EB99 /* URLBuilder.swift in Sources */ = {isa = PBXBuildFile; fileRef = 257ED2212753D5DA0064EB99 /* URLBuilder.swift */; };
		257ED2272753D5DB0064EB99 /* HTTPURLResponse+Extensions.swift in Sources */ = {isa = PBXBuildFile; fileRef = 257ED2222753D5DA0064EB99 /* HTTPURLResponse+Extensions.swift */; };
		257ED2282753D5DB0064EB99 /* HTTPStatusCode.swift in Sources */ = {isa = PBXBuildFile; fileRef = 257ED2232753D5DB0064EB99 /* HTTPStatusCode.swift */; };
		257ED22B2753D93A0064EB99 /* Product.swift in Sources */ = {isa = PBXBuildFile; fileRef = 257ED22A2753D93A0064EB99 /* Product.swift */; };
		257ED22E2753D9EB0064EB99 /* ProductAPIService.swift in Sources */ = {isa = PBXBuildFile; fileRef = 257ED22D2753D9EB0064EB99 /* ProductAPIService.swift */; };
		257ED2312753E48C0064EB99 /* ProductListScene.swift in Sources */ = {isa = PBXBuildFile; fileRef = 257ED2302753E48C0064EB99 /* ProductListScene.swift */; };
		257ED2332753E4990064EB99 /* ProductListRouter.swift in Sources */ = {isa = PBXBuildFile; fileRef = 257ED2322753E4990064EB99 /* ProductListRouter.swift */; };
		257ED2352753E4A80064EB99 /* ProductListViewModel.swift in Sources */ = {isa = PBXBuildFile; fileRef = 257ED2342753E4A80064EB99 /* ProductListViewModel.swift */; };
		257ED2372753E4B90064EB99 /* ProductListViewController.swift in Sources */ = {isa = PBXBuildFile; fileRef = 257ED2362753E4B90064EB99 /* ProductListViewController.swift */; };
		257ED2392753E4E10064EB99 /* ProductListScene.storyboard in Resources */ = {isa = PBXBuildFile; fileRef = 257ED2382753E4E10064EB99 /* ProductListScene.storyboard */; };
		257ED23C2753E5080064EB99 /* ProductInfoTableViewCell.swift in Sources */ = {isa = PBXBuildFile; fileRef = 257ED23B2753E5080064EB99 /* ProductInfoTableViewCell.swift */; };
		257ED23E2753E5160064EB99 /* ProductInfoTableViewCell.xib in Resources */ = {isa = PBXBuildFile; fileRef = 257ED23D2753E5160064EB99 /* ProductInfoTableViewCell.xib */; };
		257ED2462753F0280064EB99 /* UIImageView+Cache.swift in Sources */ = {isa = PBXBuildFile; fileRef = 257ED2402753F0280064EB99 /* UIImageView+Cache.swift */; };
		257ED2472753F0280064EB99 /* ImageDownloadManager.swift in Sources */ = {isa = PBXBuildFile; fileRef = 257ED2412753F0280064EB99 /* ImageDownloadManager.swift */; };
		257ED2482753F0280064EB99 /* ImageDownloader.swift in Sources */ = {isa = PBXBuildFile; fileRef = 257ED2422753F0280064EB99 /* ImageDownloader.swift */; };
		257ED24A2753F0280064EB99 /* UITableViewCell+NibInstantiable.swift in Sources */ = {isa = PBXBuildFile; fileRef = 257ED2442753F0280064EB99 /* UITableViewCell+NibInstantiable.swift */; };
		257ED24B2753F0280064EB99 /* ReuseIdentifying.swift in Sources */ = {isa = PBXBuildFile; fileRef = 257ED2452753F0280064EB99 /* ReuseIdentifying.swift */; };
		257ED2522753F8310064EB99 /* MockProductAPIService.swift in Sources */ = {isa = PBXBuildFile; fileRef = 257ED24D2753F8310064EB99 /* MockProductAPIService.swift */; };
		257ED2532753F8310064EB99 /* MockAPIClient.swift in Sources */ = {isa = PBXBuildFile; fileRef = 257ED24E2753F8310064EB99 /* MockAPIClient.swift */; };
		257ED2542753F8310064EB99 /* MockProductDetailRouter.swift in Sources */ = {isa = PBXBuildFile; fileRef = 257ED24F2753F8310064EB99 /* MockProductDetailRouter.swift */; };
		257ED2552753F8310064EB99 /* MockURLSession.swift in Sources */ = {isa = PBXBuildFile; fileRef = 257ED2502753F8310064EB99 /* MockURLSession.swift */; };
		257ED2562753F8310064EB99 /* MockProductListRouter.swift in Sources */ = {isa = PBXBuildFile; fileRef = 257ED2512753F8310064EB99 /* MockProductListRouter.swift */; };
		257ED2602753F8520064EB99 /* SceneTests.swift in Sources */ = {isa = PBXBuildFile; fileRef = 257ED2582753F8520064EB99 /* SceneTests.swift */; };
		257ED2612753F8520064EB99 /* APIClientTests.swift in Sources */ = {isa = PBXBuildFile; fileRef = 257ED2592753F8520064EB99 /* APIClientTests.swift */; };
		257ED2622753F8520064EB99 /* SceneFactoryTests.swift in Sources */ = {isa = PBXBuildFile; fileRef = 257ED25A2753F8520064EB99 /* SceneFactoryTests.swift */; };
		257ED2632753F8520064EB99 /* TestScene.storyboard in Resources */ = {isa = PBXBuildFile; fileRef = 257ED25B2753F8520064EB99 /* TestScene.storyboard */; };
		257ED2642753F8520064EB99 /* ProductListAPIServiceTests.swift in Sources */ = {isa = PBXBuildFile; fileRef = 257ED25C2753F8520064EB99 /* ProductListAPIServiceTests.swift */; };
		257ED2652753F8520064EB99 /* RouterTests.swift in Sources */ = {isa = PBXBuildFile; fileRef = 257ED25D2753F8520064EB99 /* RouterTests.swift */; };
		257ED2662753F8520064EB99 /* ProductListViewModelTests.swift in Sources */ = {isa = PBXBuildFile; fileRef = 257ED25E2753F8520064EB99 /* ProductListViewModelTests.swift */; };
		257ED2672753F8520064EB99 /* ProductDetailViewModelTests.swift in Sources */ = {isa = PBXBuildFile; fileRef = 257ED25F2753F8520064EB99 /* ProductDetailViewModelTests.swift */; };
		257ED26A2753FB780064EB99 /* ProductList.json in Resources */ = {isa = PBXBuildFile; fileRef = 257ED2692753FB780064EB99 /* ProductList.json */; };
/* End PBXBuildFile section */

/* Begin PBXContainerItemProxy section */
		257ED1F92753CB900064EB99 /* PBXContainerItemProxy */ = {
			isa = PBXContainerItemProxy;
			containerPortal = 257ED1DA2753CB8F0064EB99 /* Project object */;
			proxyType = 1;
			remoteGlobalIDString = 257ED1E12753CB8F0064EB99;
			remoteInfo = SampleBayut;
		};
		257ED2042753CB900064EB99 /* PBXContainerItemProxy */ = {
			isa = PBXContainerItemProxy;
			containerPortal = 257ED1DA2753CB8F0064EB99 /* Project object */;
			proxyType = 1;
			remoteGlobalIDString = 257ED1E12753CB8F0064EB99;
			remoteInfo = SampleBayut;
		};
/* End PBXContainerItemProxy section */

/* Begin PBXFileReference section */
		257ED1E22753CB8F0064EB99 /* SampleBayut.app */ = {isa = PBXFileReference; explicitFileType = wrapper.application; includeInIndex = 0; path = SampleBayut.app; sourceTree = BUILT_PRODUCTS_DIR; };
		257ED1E52753CB8F0064EB99 /* AppDelegate.swift */ = {isa = PBXFileReference; lastKnownFileType = sourcecode.swift; path = AppDelegate.swift; sourceTree = "<group>"; };
		257ED1E72753CB8F0064EB99 /* SceneDelegate.swift */ = {isa = PBXFileReference; lastKnownFileType = sourcecode.swift; path = SceneDelegate.swift; sourceTree = "<group>"; };
		257ED1E92753CB8F0064EB99 /* ViewController.swift */ = {isa = PBXFileReference; lastKnownFileType = sourcecode.swift; path = ViewController.swift; sourceTree = "<group>"; };
		257ED1EC2753CB8F0064EB99 /* Base */ = {isa = PBXFileReference; lastKnownFileType = file.storyboard; name = Base; path = Base.lproj/Main.storyboard; sourceTree = "<group>"; };
		257ED1EE2753CB900064EB99 /* Assets.xcassets */ = {isa = PBXFileReference; lastKnownFileType = folder.assetcatalog; path = Assets.xcassets; sourceTree = "<group>"; };
		257ED1F12753CB900064EB99 /* Base */ = {isa = PBXFileReference; lastKnownFileType = file.storyboard; name = Base; path = Base.lproj/LaunchScreen.storyboard; sourceTree = "<group>"; };
		257ED1F32753CB900064EB99 /* Info.plist */ = {isa = PBXFileReference; lastKnownFileType = text.plist.xml; path = Info.plist; sourceTree = "<group>"; };
		257ED1F82753CB900064EB99 /* SampleBayutTests.xctest */ = {isa = PBXFileReference; explicitFileType = wrapper.cfbundle; includeInIndex = 0; path = SampleBayutTests.xctest; sourceTree = BUILT_PRODUCTS_DIR; };
		257ED1FC2753CB900064EB99 /* SampleBayutTests.swift */ = {isa = PBXFileReference; lastKnownFileType = sourcecode.swift; path = SampleBayutTests.swift; sourceTree = "<group>"; };
		257ED1FE2753CB900064EB99 /* Info.plist */ = {isa = PBXFileReference; lastKnownFileType = text.plist.xml; path = Info.plist; sourceTree = "<group>"; };
		257ED2032753CB900064EB99 /* SampleBayutUITests.xctest */ = {isa = PBXFileReference; explicitFileType = wrapper.cfbundle; includeInIndex = 0; path = SampleBayutUITests.xctest; sourceTree = BUILT_PRODUCTS_DIR; };
		257ED2072753CB900064EB99 /* SampleBayutUITests.swift */ = {isa = PBXFileReference; lastKnownFileType = sourcecode.swift; path = SampleBayutUITests.swift; sourceTree = "<group>"; };
		257ED2092753CB900064EB99 /* Info.plist */ = {isa = PBXFileReference; lastKnownFileType = text.plist.xml; path = Info.plist; sourceTree = "<group>"; };
		257ED2162753D57C0064EB99 /* Scene.swift */ = {isa = PBXFileReference; fileEncoding = 4; lastKnownFileType = sourcecode.swift; path = Scene.swift; sourceTree = "<group>"; };
		257ED2172753D57C0064EB99 /* UIViewController+Storyboard.swift */ = {isa = PBXFileReference; fileEncoding = 4; lastKnownFileType = sourcecode.swift; path = "UIViewController+Storyboard.swift"; sourceTree = "<group>"; };
		257ED2182753D57C0064EB99 /* Router.swift */ = {isa = PBXFileReference; fileEncoding = 4; lastKnownFileType = sourcecode.swift; path = Router.swift; sourceTree = "<group>"; };
		257ED2192753D57C0064EB99 /* SceneFactory.swift */ = {isa = PBXFileReference; fileEncoding = 4; lastKnownFileType = sourcecode.swift; path = SceneFactory.swift; sourceTree = "<group>"; };
		257ED21F2753D5DA0064EB99 /* APIClient.swift */ = {isa = PBXFileReference; fileEncoding = 4; lastKnownFileType = sourcecode.swift; path = APIClient.swift; sourceTree = "<group>"; };
		257ED2202753D5DA0064EB99 /* URLSessionProtocol.swift */ = {isa = PBXFileReference; fileEncoding = 4; lastKnownFileType = sourcecode.swift; path = URLSessionProtocol.swift; sourceTree = "<group>"; };
		257ED2212753D5DA0064EB99 /* URLBuilder.swift */ = {isa = PBXFileReference; fileEncoding = 4; lastKnownFileType = sourcecode.swift; path = URLBuilder.swift; sourceTree = "<group>"; };
		257ED2222753D5DA0064EB99 /* HTTPURLResponse+Extensions.swift */ = {isa = PBXFileReference; fileEncoding = 4; lastKnownFileType = sourcecode.swift; path = "HTTPURLResponse+Extensions.swift"; sourceTree = "<group>"; };
		257ED2232753D5DB0064EB99 /* HTTPStatusCode.swift */ = {isa = PBXFileReference; fileEncoding = 4; lastKnownFileType = sourcecode.swift; path = HTTPStatusCode.swift; sourceTree = "<group>"; };
		257ED22A2753D93A0064EB99 /* Product.swift */ = {isa = PBXFileReference; lastKnownFileType = sourcecode.swift; path = Product.swift; sourceTree = "<group>"; };
		257ED22D2753D9EB0064EB99 /* ProductAPIService.swift */ = {isa = PBXFileReference; lastKnownFileType = sourcecode.swift; path = ProductAPIService.swift; sourceTree = "<group>"; };
		257ED2302753E48C0064EB99 /* ProductListScene.swift */ = {isa = PBXFileReference; lastKnownFileType = sourcecode.swift; path = ProductListScene.swift; sourceTree = "<group>"; };
		257ED2322753E4990064EB99 /* ProductListRouter.swift */ = {isa = PBXFileReference; lastKnownFileType = sourcecode.swift; path = ProductListRouter.swift; sourceTree = "<group>"; };
		257ED2342753E4A80064EB99 /* ProductListViewModel.swift */ = {isa = PBXFileReference; lastKnownFileType = sourcecode.swift; path = ProductListViewModel.swift; sourceTree = "<group>"; };
		257ED2362753E4B90064EB99 /* ProductListViewController.swift */ = {isa = PBXFileReference; lastKnownFileType = sourcecode.swift; path = ProductListViewController.swift; sourceTree = "<group>"; };
		257ED2382753E4E10064EB99 /* ProductListScene.storyboard */ = {isa = PBXFileReference; lastKnownFileType = file.storyboard; path = ProductListScene.storyboard; sourceTree = "<group>"; };
		257ED23B2753E5080064EB99 /* ProductInfoTableViewCell.swift */ = {isa = PBXFileReference; lastKnownFileType = sourcecode.swift; path = ProductInfoTableViewCell.swift; sourceTree = "<group>"; };
		257ED23D2753E5160064EB99 /* ProductInfoTableViewCell.xib */ = {isa = PBXFileReference; lastKnownFileType = file.xib; path = ProductInfoTableViewCell.xib; sourceTree = "<group>"; };
		257ED2402753F0280064EB99 /* UIImageView+Cache.swift */ = {isa = PBXFileReference; fileEncoding = 4; lastKnownFileType = sourcecode.swift; path = "UIImageView+Cache.swift"; sourceTree = "<group>"; };
		257ED2412753F0280064EB99 /* ImageDownloadManager.swift */ = {isa = PBXFileReference; fileEncoding = 4; lastKnownFileType = sourcecode.swift; path = ImageDownloadManager.swift; sourceTree = "<group>"; };
		257ED2422753F0280064EB99 /* ImageDownloader.swift */ = {isa = PBXFileReference; fileEncoding = 4; lastKnownFileType = sourcecode.swift; path = ImageDownloader.swift; sourceTree = "<group>"; };
		257ED2442753F0280064EB99 /* UITableViewCell+NibInstantiable.swift */ = {isa = PBXFileReference; fileEncoding = 4; lastKnownFileType = sourcecode.swift; path = "UITableViewCell+NibInstantiable.swift"; sourceTree = "<group>"; };
		257ED2452753F0280064EB99 /* ReuseIdentifying.swift */ = {isa = PBXFileReference; fileEncoding = 4; lastKnownFileType = sourcecode.swift; path = ReuseIdentifying.swift; sourceTree = "<group>"; };
		257ED24D2753F8310064EB99 /* MockProductAPIService.swift */ = {isa = PBXFileReference; fileEncoding = 4; lastKnownFileType = sourcecode.swift; path = MockProductAPIService.swift; sourceTree = "<group>"; };
		257ED24E2753F8310064EB99 /* MockAPIClient.swift */ = {isa = PBXFileReference; fileEncoding = 4; lastKnownFileType = sourcecode.swift; path = MockAPIClient.swift; sourceTree = "<group>"; };
		257ED24F2753F8310064EB99 /* MockProductDetailRouter.swift */ = {isa = PBXFileReference; fileEncoding = 4; lastKnownFileType = sourcecode.swift; path = MockProductDetailRouter.swift; sourceTree = "<group>"; };
		257ED2502753F8310064EB99 /* MockURLSession.swift */ = {isa = PBXFileReference; fileEncoding = 4; lastKnownFileType = sourcecode.swift; path = MockURLSession.swift; sourceTree = "<group>"; };
		257ED2512753F8310064EB99 /* MockProductListRouter.swift */ = {isa = PBXFileReference; fileEncoding = 4; lastKnownFileType = sourcecode.swift; path = MockProductListRouter.swift; sourceTree = "<group>"; };
		257ED2582753F8520064EB99 /* SceneTests.swift */ = {isa = PBXFileReference; fileEncoding = 4; lastKnownFileType = sourcecode.swift; path = SceneTests.swift; sourceTree = "<group>"; };
		257ED2592753F8520064EB99 /* APIClientTests.swift */ = {isa = PBXFileReference; fileEncoding = 4; lastKnownFileType = sourcecode.swift; path = APIClientTests.swift; sourceTree = "<group>"; };
		257ED25A2753F8520064EB99 /* SceneFactoryTests.swift */ = {isa = PBXFileReference; fileEncoding = 4; lastKnownFileType = sourcecode.swift; path = SceneFactoryTests.swift; sourceTree = "<group>"; };
		257ED25B2753F8520064EB99 /* TestScene.storyboard */ = {isa = PBXFileReference; fileEncoding = 4; lastKnownFileType = file.storyboard; path = TestScene.storyboard; sourceTree = "<group>"; };
		257ED25C2753F8520064EB99 /* ProductListAPIServiceTests.swift */ = {isa = PBXFileReference; fileEncoding = 4; lastKnownFileType = sourcecode.swift; path = ProductListAPIServiceTests.swift; sourceTree = "<group>"; };
		257ED25D2753F8520064EB99 /* RouterTests.swift */ = {isa = PBXFileReference; fileEncoding = 4; lastKnownFileType = sourcecode.swift; path = RouterTests.swift; sourceTree = "<group>"; };
		257ED25E2753F8520064EB99 /* ProductListViewModelTests.swift */ = {isa = PBXFileReference; fileEncoding = 4; lastKnownFileType = sourcecode.swift; path = ProductListViewModelTests.swift; sourceTree = "<group>"; };
		257ED25F2753F8520064EB99 /* ProductDetailViewModelTests.swift */ = {isa = PBXFileReference; fileEncoding = 4; lastKnownFileType = sourcecode.swift; path = ProductDetailViewModelTests.swift; sourceTree = "<group>"; };
		257ED2692753FB780064EB99 /* ProductList.json */ = {isa = PBXFileReference; lastKnownFileType = text.json; path = ProductList.json; sourceTree = "<group>"; };
/* End PBXFileReference section */

/* Begin PBXFrameworksBuildPhase section */
		257ED1DF2753CB8F0064EB99 /* Frameworks */ = {
			isa = PBXFrameworksBuildPhase;
			buildActionMask = 2147483647;
			files = (
			);
			runOnlyForDeploymentPostprocessing = 0;
		};
		257ED1F52753CB900064EB99 /* Frameworks */ = {
			isa = PBXFrameworksBuildPhase;
			buildActionMask = 2147483647;
			files = (
			);
			runOnlyForDeploymentPostprocessing = 0;
		};
		257ED2002753CB900064EB99 /* Frameworks */ = {
			isa = PBXFrameworksBuildPhase;
			buildActionMask = 2147483647;
			files = (
			);
			runOnlyForDeploymentPostprocessing = 0;
		};
/* End PBXFrameworksBuildPhase section */

/* Begin PBXGroup section */
		257ED1D92753CB8F0064EB99 = {
			isa = PBXGroup;
			children = (
				257ED1E42753CB8F0064EB99 /* SampleBayut */,
				257ED1FB2753CB900064EB99 /* SampleBayutTests */,
				257ED2062753CB900064EB99 /* SampleBayutUITests */,
				257ED1E32753CB8F0064EB99 /* Products */,
			);
			sourceTree = "<group>";
		};
		257ED1E32753CB8F0064EB99 /* Products */ = {
			isa = PBXGroup;
			children = (
				257ED1E22753CB8F0064EB99 /* SampleBayut.app */,
				257ED1F82753CB900064EB99 /* SampleBayutTests.xctest */,
				257ED2032753CB900064EB99 /* SampleBayutUITests.xctest */,
			);
			name = Products;
			sourceTree = "<group>";
		};
		257ED1E42753CB8F0064EB99 /* SampleBayut */ = {
			isa = PBXGroup;
			children = (
				257ED23F2753F0280064EB99 /* Common */,
				257ED22F2753E4410064EB99 /* ProductListScene */,
				257ED22C2753D9BB0064EB99 /* APIService */,
				257ED2292753D92F0064EB99 /* Models */,
				257ED21E2753D5DA0064EB99 /* Networking */,
				257ED2152753D57C0064EB99 /* BaseSceneArchitecture */,
				257ED1E52753CB8F0064EB99 /* AppDelegate.swift */,
				257ED1E72753CB8F0064EB99 /* SceneDelegate.swift */,
				257ED1E92753CB8F0064EB99 /* ViewController.swift */,
				257ED1EB2753CB8F0064EB99 /* Main.storyboard */,
				257ED1EE2753CB900064EB99 /* Assets.xcassets */,
				257ED1F02753CB900064EB99 /* LaunchScreen.storyboard */,
				257ED1F32753CB900064EB99 /* Info.plist */,
			);
			path = SampleBayut;
			sourceTree = "<group>";
		};
		257ED1FB2753CB900064EB99 /* SampleBayutTests */ = {
			isa = PBXGroup;
			children = (
				257ED2682753FB580064EB99 /* Stub */,
				257ED2572753F8520064EB99 /* SUT */,
				257ED24C2753F8310064EB99 /* Mocks */,
				257ED1FC2753CB900064EB99 /* SampleBayutTests.swift */,
				257ED1FE2753CB900064EB99 /* Info.plist */,
			);
			path = SampleBayutTests;
			sourceTree = "<group>";
		};
		257ED2062753CB900064EB99 /* SampleBayutUITests */ = {
			isa = PBXGroup;
			children = (
				257ED2072753CB900064EB99 /* SampleBayutUITests.swift */,
				257ED2092753CB900064EB99 /* Info.plist */,
			);
			path = SampleBayutUITests;
			sourceTree = "<group>";
		};
		257ED2152753D57C0064EB99 /* BaseSceneArchitecture */ = {
			isa = PBXGroup;
			children = (
				257ED2162753D57C0064EB99 /* Scene.swift */,
				257ED2172753D57C0064EB99 /* UIViewController+Storyboard.swift */,
				257ED2182753D57C0064EB99 /* Router.swift */,
				257ED2192753D57C0064EB99 /* SceneFactory.swift */,
			);
			path = BaseSceneArchitecture;
			sourceTree = "<group>";
		};
		257ED21E2753D5DA0064EB99 /* Networking */ = {
			isa = PBXGroup;
			children = (
				257ED21F2753D5DA0064EB99 /* APIClient.swift */,
				257ED2202753D5DA0064EB99 /* URLSessionProtocol.swift */,
				257ED2212753D5DA0064EB99 /* URLBuilder.swift */,
				257ED2222753D5DA0064EB99 /* HTTPURLResponse+Extensions.swift */,
				257ED2232753D5DB0064EB99 /* HTTPStatusCode.swift */,
			);
			path = Networking;
			sourceTree = "<group>";
		};
		257ED2292753D92F0064EB99 /* Models */ = {
			isa = PBXGroup;
			children = (
				257ED22A2753D93A0064EB99 /* Product.swift */,
			);
			path = Models;
			sourceTree = "<group>";
		};
		257ED22C2753D9BB0064EB99 /* APIService */ = {
			isa = PBXGroup;
			children = (
				257ED22D2753D9EB0064EB99 /* ProductAPIService.swift */,
			);
			path = APIService;
			sourceTree = "<group>";
		};
		257ED22F2753E4410064EB99 /* ProductListScene */ = {
			isa = PBXGroup;
			children = (
				257ED23A2753E4E80064EB99 /* TableViewCell */,
				257ED2302753E48C0064EB99 /* ProductListScene.swift */,
				257ED2322753E4990064EB99 /* ProductListRouter.swift */,
				257ED2342753E4A80064EB99 /* ProductListViewModel.swift */,
				257ED2362753E4B90064EB99 /* ProductListViewController.swift */,
				257ED2382753E4E10064EB99 /* ProductListScene.storyboard */,
			);
			path = ProductListScene;
			sourceTree = "<group>";
		};
		257ED23A2753E4E80064EB99 /* TableViewCell */ = {
			isa = PBXGroup;
			children = (
				257ED23B2753E5080064EB99 /* ProductInfoTableViewCell.swift */,
				257ED23D2753E5160064EB99 /* ProductInfoTableViewCell.xib */,
			);
			path = TableViewCell;
			sourceTree = "<group>";
		};
		257ED23F2753F0280064EB99 /* Common */ = {
			isa = PBXGroup;
			children = (
				257ED2402753F0280064EB99 /* UIImageView+Cache.swift */,
				257ED2412753F0280064EB99 /* ImageDownloadManager.swift */,
				257ED2422753F0280064EB99 /* ImageDownloader.swift */,
				257ED2442753F0280064EB99 /* UITableViewCell+NibInstantiable.swift */,
				257ED2452753F0280064EB99 /* ReuseIdentifying.swift */,
			);
			path = Common;
			sourceTree = "<group>";
		};
		257ED24C2753F8310064EB99 /* Mocks */ = {
			isa = PBXGroup;
			children = (
				257ED24D2753F8310064EB99 /* MockProductAPIService.swift */,
				257ED24E2753F8310064EB99 /* MockAPIClient.swift */,
				257ED24F2753F8310064EB99 /* MockProductDetailRouter.swift */,
				257ED2502753F8310064EB99 /* MockURLSession.swift */,
				257ED2512753F8310064EB99 /* MockProductListRouter.swift */,
			);
			path = Mocks;
			sourceTree = "<group>";
		};
		257ED2572753F8520064EB99 /* SUT */ = {
			isa = PBXGroup;
			children = (
				257ED2582753F8520064EB99 /* SceneTests.swift */,
				257ED2592753F8520064EB99 /* APIClientTests.swift */,
				257ED25A2753F8520064EB99 /* SceneFactoryTests.swift */,
				257ED25B2753F8520064EB99 /* TestScene.storyboard */,
				257ED25C2753F8520064EB99 /* ProductListAPIServiceTests.swift */,
				257ED25D2753F8520064EB99 /* RouterTests.swift */,
				257ED25E2753F8520064EB99 /* ProductListViewModelTests.swift */,
				257ED25F2753F8520064EB99 /* ProductDetailViewModelTests.swift */,
			);
			path = SUT;
			sourceTree = "<group>";
		};
		257ED2682753FB580064EB99 /* Stub */ = {
			isa = PBXGroup;
			children = (
				257ED2692753FB780064EB99 /* ProductList.json */,
			);
			path = Stub;
			sourceTree = "<group>";
		};
/* End PBXGroup section */

/* Begin PBXNativeTarget section */
		257ED1E12753CB8F0064EB99 /* SampleBayut */ = {
			isa = PBXNativeTarget;
			buildConfigurationList = 257ED20C2753CB900064EB99 /* Build configuration list for PBXNativeTarget "SampleBayut" */;
			buildPhases = (
				257ED1DE2753CB8F0064EB99 /* Sources */,
				257ED1DF2753CB8F0064EB99 /* Frameworks */,
				257ED1E02753CB8F0064EB99 /* Resources */,
			);
			buildRules = (
			);
			dependencies = (
			);
			name = SampleBayut;
			productName = SampleBayut;
			productReference = 257ED1E22753CB8F0064EB99 /* SampleBayut.app */;
			productType = "com.apple.product-type.application";
		};
		257ED1F72753CB900064EB99 /* SampleBayutTests */ = {
			isa = PBXNativeTarget;
			buildConfigurationList = 257ED20F2753CB900064EB99 /* Build configuration list for PBXNativeTarget "SampleBayutTests" */;
			buildPhases = (
				257ED1F42753CB900064EB99 /* Sources */,
				257ED1F52753CB900064EB99 /* Frameworks */,
				257ED1F62753CB900064EB99 /* Resources */,
			);
			buildRules = (
			);
			dependencies = (
				257ED1FA2753CB900064EB99 /* PBXTargetDependency */,
			);
			name = SampleBayutTests;
			productName = SampleBayutTests;
			productReference = 257ED1F82753CB900064EB99 /* SampleBayutTests.xctest */;
			productType = "com.apple.product-type.bundle.unit-test";
		};
		257ED2022753CB900064EB99 /* SampleBayutUITests */ = {
			isa = PBXNativeTarget;
			buildConfigurationList = 257ED2122753CB900064EB99 /* Build configuration list for PBXNativeTarget "SampleBayutUITests" */;
			buildPhases = (
				257ED1FF2753CB900064EB99 /* Sources */,
				257ED2002753CB900064EB99 /* Frameworks */,
				257ED2012753CB900064EB99 /* Resources */,
			);
			buildRules = (
			);
			dependencies = (
				257ED2052753CB900064EB99 /* PBXTargetDependency */,
			);
			name = SampleBayutUITests;
			productName = SampleBayutUITests;
			productReference = 257ED2032753CB900064EB99 /* SampleBayutUITests.xctest */;
			productType = "com.apple.product-type.bundle.ui-testing";
		};
/* End PBXNativeTarget section */

/* Begin PBXProject section */
		257ED1DA2753CB8F0064EB99 /* Project object */ = {
			isa = PBXProject;
			attributes = {
				LastSwiftUpdateCheck = 1250;
				LastUpgradeCheck = 1250;
				TargetAttributes = {
					257ED1E12753CB8F0064EB99 = {
						CreatedOnToolsVersion = 12.5;
					};
					257ED1F72753CB900064EB99 = {
						CreatedOnToolsVersion = 12.5;
						TestTargetID = 257ED1E12753CB8F0064EB99;
					};
					257ED2022753CB900064EB99 = {
						CreatedOnToolsVersion = 12.5;
						TestTargetID = 257ED1E12753CB8F0064EB99;
					};
				};
			};
			buildConfigurationList = 257ED1DD2753CB8F0064EB99 /* Build configuration list for PBXProject "SampleBayut" */;
			compatibilityVersion = "Xcode 9.3";
			developmentRegion = en;
			hasScannedForEncodings = 0;
			knownRegions = (
				en,
				Base,
			);
			mainGroup = 257ED1D92753CB8F0064EB99;
			productRefGroup = 257ED1E32753CB8F0064EB99 /* Products */;
			projectDirPath = "";
			projectRoot = "";
			targets = (
				257ED1E12753CB8F0064EB99 /* SampleBayut */,
				257ED1F72753CB900064EB99 /* SampleBayutTests */,
				257ED2022753CB900064EB99 /* SampleBayutUITests */,
			);
		};
/* End PBXProject section */

/* Begin PBXResourcesBuildPhase section */
		257ED1E02753CB8F0064EB99 /* Resources */ = {
			isa = PBXResourcesBuildPhase;
			buildActionMask = 2147483647;
			files = (
				257ED23E2753E5160064EB99 /* ProductInfoTableViewCell.xib in Resources */,
				257ED1F22753CB900064EB99 /* LaunchScreen.storyboard in Resources */,
				257ED2392753E4E10064EB99 /* ProductListScene.storyboard in Resources */,
				257ED1EF2753CB900064EB99 /* Assets.xcassets in Resources */,
				257ED1ED2753CB8F0064EB99 /* Main.storyboard in Resources */,
			);
			runOnlyForDeploymentPostprocessing = 0;
		};
		257ED1F62753CB900064EB99 /* Resources */ = {
			isa = PBXResourcesBuildPhase;
			buildActionMask = 2147483647;
			files = (
				257ED2632753F8520064EB99 /* TestScene.storyboard in Resources */,
				257ED26A2753FB780064EB99 /* ProductList.json in Resources */,
			);
			runOnlyForDeploymentPostprocessing = 0;
		};
		257ED2012753CB900064EB99 /* Resources */ = {
			isa = PBXResourcesBuildPhase;
			buildActionMask = 2147483647;
			files = (
			);
			runOnlyForDeploymentPostprocessing = 0;
		};
/* End PBXResourcesBuildPhase section */

/* Begin PBXSourcesBuildPhase section */
		257ED1DE2753CB8F0064EB99 /* Sources */ = {
			isa = PBXSourcesBuildPhase;
			buildActionMask = 2147483647;
			files = (
				257ED23C2753E5080064EB99 /* ProductInfoTableViewCell.swift in Sources */,
				257ED2332753E4990064EB99 /* ProductListRouter.swift in Sources */,
				257ED2252753D5DB0064EB99 /* URLSessionProtocol.swift in Sources */,
				257ED21A2753D57C0064EB99 /* Scene.swift in Sources */,
				257ED1EA2753CB8F0064EB99 /* ViewController.swift in Sources */,
				257ED21D2753D57C0064EB99 /* SceneFactory.swift in Sources */,
				257ED2482753F0280064EB99 /* ImageDownloader.swift in Sources */,
				257ED2472753F0280064EB99 /* ImageDownloadManager.swift in Sources */,
				257ED2242753D5DB0064EB99 /* APIClient.swift in Sources */,
				257ED2262753D5DB0064EB99 /* URLBuilder.swift in Sources */,
				257ED24A2753F0280064EB99 /* UITableViewCell+NibInstantiable.swift in Sources */,
				257ED2282753D5DB0064EB99 /* HTTPStatusCode.swift in Sources */,
				257ED2462753F0280064EB99 /* UIImageView+Cache.swift in Sources */,
				257ED24B2753F0280064EB99 /* ReuseIdentifying.swift in Sources */,
				257ED1E62753CB8F0064EB99 /* AppDelegate.swift in Sources */,
				257ED22E2753D9EB0064EB99 /* ProductAPIService.swift in Sources */,
				257ED2372753E4B90064EB99 /* ProductListViewController.swift in Sources */,
				257ED21B2753D57C0064EB99 /* UIViewController+Storyboard.swift in Sources */,
				257ED21C2753D57C0064EB99 /* Router.swift in Sources */,
				257ED1E82753CB8F0064EB99 /* SceneDelegate.swift in Sources */,
				257ED2272753D5DB0064EB99 /* HTTPURLResponse+Extensions.swift in Sources */,
				257ED22B2753D93A0064EB99 /* Product.swift in Sources */,
				257ED2352753E4A80064EB99 /* ProductListViewModel.swift in Sources */,
				257ED2312753E48C0064EB99 /* ProductListScene.swift in Sources */,
			);
			runOnlyForDeploymentPostprocessing = 0;
		};
		257ED1F42753CB900064EB99 /* Sources */ = {
			isa = PBXSourcesBuildPhase;
			buildActionMask = 2147483647;
			files = (
				257ED2562753F8310064EB99 /* MockProductListRouter.swift in Sources */,
				257ED2622753F8520064EB99 /* SceneFactoryTests.swift in Sources */,
				257ED2672753F8520064EB99 /* ProductDetailViewModelTests.swift in Sources */,
				257ED2522753F8310064EB99 /* MockProductAPIService.swift in Sources */,
				257ED2602753F8520064EB99 /* SceneTests.swift in Sources */,
				257ED2662753F8520064EB99 /* ProductListViewModelTests.swift in Sources */,
				257ED2612753F8520064EB99 /* APIClientTests.swift in Sources */,
				257ED2652753F8520064EB99 /* RouterTests.swift in Sources */,
				257ED2542753F8310064EB99 /* MockProductDetailRouter.swift in Sources */,
				257ED2642753F8520064EB99 /* ProductListAPIServiceTests.swift in Sources */,
				257ED1FD2753CB900064EB99 /* SampleBayutTests.swift in Sources */,
				257ED2552753F8310064EB99 /* MockURLSession.swift in Sources */,
				257ED2532753F8310064EB99 /* MockAPIClient.swift in Sources */,
			);
			runOnlyForDeploymentPostprocessing = 0;
		};
		257ED1FF2753CB900064EB99 /* Sources */ = {
			isa = PBXSourcesBuildPhase;
			buildActionMask = 2147483647;
			files = (
				257ED2082753CB900064EB99 /* SampleBayutUITests.swift in Sources */,
			);
			runOnlyForDeploymentPostprocessing = 0;
		};
/* End PBXSourcesBuildPhase section */

/* Begin PBXTargetDependency section */
		257ED1FA2753CB900064EB99 /* PBXTargetDependency */ = {
			isa = PBXTargetDependency;
			target = 257ED1E12753CB8F0064EB99 /* SampleBayut */;
			targetProxy = 257ED1F92753CB900064EB99 /* PBXContainerItemProxy */;
		};
		257ED2052753CB900064EB99 /* PBXTargetDependency */ = {
			isa = PBXTargetDependency;
			target = 257ED1E12753CB8F0064EB99 /* SampleBayut */;
			targetProxy = 257ED2042753CB900064EB99 /* PBXContainerItemProxy */;
		};
/* End PBXTargetDependency section */

/* Begin PBXVariantGroup section */
		257ED1EB2753CB8F0064EB99 /* Main.storyboard */ = {
			isa = PBXVariantGroup;
			children = (
				257ED1EC2753CB8F0064EB99 /* Base */,
			);
			name = Main.storyboard;
			sourceTree = "<group>";
		};
		257ED1F02753CB900064EB99 /* LaunchScreen.storyboard */ = {
			isa = PBXVariantGroup;
			children = (
				257ED1F12753CB900064EB99 /* Base */,
			);
			name = LaunchScreen.storyboard;
			sourceTree = "<group>";
		};
/* End PBXVariantGroup section */

/* Begin XCBuildConfiguration section */
		257ED20A2753CB900064EB99 /* Debug */ = {
			isa = XCBuildConfiguration;
			buildSettings = {
				ALWAYS_SEARCH_USER_PATHS = NO;
				CLANG_ANALYZER_NONNULL = YES;
				CLANG_ANALYZER_NUMBER_OBJECT_CONVERSION = YES_AGGRESSIVE;
				CLANG_CXX_LANGUAGE_STANDARD = "gnu++14";
				CLANG_CXX_LIBRARY = "libc++";
				CLANG_ENABLE_MODULES = YES;
				CLANG_ENABLE_OBJC_ARC = YES;
				CLANG_ENABLE_OBJC_WEAK = YES;
				CLANG_WARN_BLOCK_CAPTURE_AUTORELEASING = YES;
				CLANG_WARN_BOOL_CONVERSION = YES;
				CLANG_WARN_COMMA = YES;
				CLANG_WARN_CONSTANT_CONVERSION = YES;
				CLANG_WARN_DEPRECATED_OBJC_IMPLEMENTATIONS = YES;
				CLANG_WARN_DIRECT_OBJC_ISA_USAGE = YES_ERROR;
				CLANG_WARN_DOCUMENTATION_COMMENTS = YES;
				CLANG_WARN_EMPTY_BODY = YES;
				CLANG_WARN_ENUM_CONVERSION = YES;
				CLANG_WARN_INFINITE_RECURSION = YES;
				CLANG_WARN_INT_CONVERSION = YES;
				CLANG_WARN_NON_LITERAL_NULL_CONVERSION = YES;
				CLANG_WARN_OBJC_IMPLICIT_RETAIN_SELF = YES;
				CLANG_WARN_OBJC_LITERAL_CONVERSION = YES;
				CLANG_WARN_OBJC_ROOT_CLASS = YES_ERROR;
				CLANG_WARN_QUOTED_INCLUDE_IN_FRAMEWORK_HEADER = YES;
				CLANG_WARN_RANGE_LOOP_ANALYSIS = YES;
				CLANG_WARN_STRICT_PROTOTYPES = YES;
				CLANG_WARN_SUSPICIOUS_MOVE = YES;
				CLANG_WARN_UNGUARDED_AVAILABILITY = YES_AGGRESSIVE;
				CLANG_WARN_UNREACHABLE_CODE = YES;
				CLANG_WARN__DUPLICATE_METHOD_MATCH = YES;
				COPY_PHASE_STRIP = NO;
				DEBUG_INFORMATION_FORMAT = dwarf;
				ENABLE_STRICT_OBJC_MSGSEND = YES;
				ENABLE_TESTABILITY = YES;
				GCC_C_LANGUAGE_STANDARD = gnu11;
				GCC_DYNAMIC_NO_PIC = NO;
				GCC_NO_COMMON_BLOCKS = YES;
				GCC_OPTIMIZATION_LEVEL = 0;
				GCC_PREPROCESSOR_DEFINITIONS = (
					"DEBUG=1",
					"$(inherited)",
				);
				GCC_WARN_64_TO_32_BIT_CONVERSION = YES;
				GCC_WARN_ABOUT_RETURN_TYPE = YES_ERROR;
				GCC_WARN_UNDECLARED_SELECTOR = YES;
				GCC_WARN_UNINITIALIZED_AUTOS = YES_AGGRESSIVE;
				GCC_WARN_UNUSED_FUNCTION = YES;
				GCC_WARN_UNUSED_VARIABLE = YES;
				IPHONEOS_DEPLOYMENT_TARGET = 14.5;
				MTL_ENABLE_DEBUG_INFO = INCLUDE_SOURCE;
				MTL_FAST_MATH = YES;
				ONLY_ACTIVE_ARCH = YES;
				SDKROOT = iphoneos;
				SWIFT_ACTIVE_COMPILATION_CONDITIONS = DEBUG;
				SWIFT_OPTIMIZATION_LEVEL = "-Onone";
			};
			name = Debug;
		};
		257ED20B2753CB900064EB99 /* Release */ = {
			isa = XCBuildConfiguration;
			buildSettings = {
				ALWAYS_SEARCH_USER_PATHS = NO;
				CLANG_ANALYZER_NONNULL = YES;
				CLANG_ANALYZER_NUMBER_OBJECT_CONVERSION = YES_AGGRESSIVE;
				CLANG_CXX_LANGUAGE_STANDARD = "gnu++14";
				CLANG_CXX_LIBRARY = "libc++";
				CLANG_ENABLE_MODULES = YES;
				CLANG_ENABLE_OBJC_ARC = YES;
				CLANG_ENABLE_OBJC_WEAK = YES;
				CLANG_WARN_BLOCK_CAPTURE_AUTORELEASING = YES;
				CLANG_WARN_BOOL_CONVERSION = YES;
				CLANG_WARN_COMMA = YES;
				CLANG_WARN_CONSTANT_CONVERSION = YES;
				CLANG_WARN_DEPRECATED_OBJC_IMPLEMENTATIONS = YES;
				CLANG_WARN_DIRECT_OBJC_ISA_USAGE = YES_ERROR;
				CLANG_WARN_DOCUMENTATION_COMMENTS = YES;
				CLANG_WARN_EMPTY_BODY = YES;
				CLANG_WARN_ENUM_CONVERSION = YES;
				CLANG_WARN_INFINITE_RECURSION = YES;
				CLANG_WARN_INT_CONVERSION = YES;
				CLANG_WARN_NON_LITERAL_NULL_CONVERSION = YES;
				CLANG_WARN_OBJC_IMPLICIT_RETAIN_SELF = YES;
				CLANG_WARN_OBJC_LITERAL_CONVERSION = YES;
				CLANG_WARN_OBJC_ROOT_CLASS = YES_ERROR;
				CLANG_WARN_QUOTED_INCLUDE_IN_FRAMEWORK_HEADER = YES;
				CLANG_WARN_RANGE_LOOP_ANALYSIS = YES;
				CLANG_WARN_STRICT_PROTOTYPES = YES;
				CLANG_WARN_SUSPICIOUS_MOVE = YES;
				CLANG_WARN_UNGUARDED_AVAILABILITY = YES_AGGRESSIVE;
				CLANG_WARN_UNREACHABLE_CODE = YES;
				CLANG_WARN__DUPLICATE_METHOD_MATCH = YES;
				COPY_PHASE_STRIP = NO;
				DEBUG_INFORMATION_FORMAT = "dwarf-with-dsym";
				ENABLE_NS_ASSERTIONS = NO;
				ENABLE_STRICT_OBJC_MSGSEND = YES;
				GCC_C_LANGUAGE_STANDARD = gnu11;
				GCC_NO_COMMON_BLOCKS = YES;
				GCC_WARN_64_TO_32_BIT_CONVERSION = YES;
				GCC_WARN_ABOUT_RETURN_TYPE = YES_ERROR;
				GCC_WARN_UNDECLARED_SELECTOR = YES;
				GCC_WARN_UNINITIALIZED_AUTOS = YES_AGGRESSIVE;
				GCC_WARN_UNUSED_FUNCTION = YES;
				GCC_WARN_UNUSED_VARIABLE = YES;
				IPHONEOS_DEPLOYMENT_TARGET = 14.5;
				MTL_ENABLE_DEBUG_INFO = NO;
				MTL_FAST_MATH = YES;
				SDKROOT = iphoneos;
				SWIFT_COMPILATION_MODE = wholemodule;
				SWIFT_OPTIMIZATION_LEVEL = "-O";
				VALIDATE_PRODUCT = YES;
			};
			name = Release;
		};
		257ED20D2753CB900064EB99 /* Debug */ = {
			isa = XCBuildConfiguration;
			buildSettings = {
				ASSETCATALOG_COMPILER_APPICON_NAME = AppIcon;
				ASSETCATALOG_COMPILER_GLOBAL_ACCENT_COLOR_NAME = AccentColor;
				CODE_SIGN_STYLE = Automatic;
				INFOPLIST_FILE = SampleBayut/Info.plist;
				LD_RUNPATH_SEARCH_PATHS = (
					"$(inherited)",
					"@executable_path/Frameworks",
				);
				PRODUCT_BUNDLE_IDENTIFIER = com.sample.SampleBayut;
				PRODUCT_NAME = "$(TARGET_NAME)";
				SWIFT_VERSION = 5.0;
				TARGETED_DEVICE_FAMILY = "1,2";
			};
			name = Debug;
		};
		257ED20E2753CB900064EB99 /* Release */ = {
			isa = XCBuildConfiguration;
			buildSettings = {
				ASSETCATALOG_COMPILER_APPICON_NAME = AppIcon;
				ASSETCATALOG_COMPILER_GLOBAL_ACCENT_COLOR_NAME = AccentColor;
				CODE_SIGN_STYLE = Automatic;
				INFOPLIST_FILE = SampleBayut/Info.plist;
				LD_RUNPATH_SEARCH_PATHS = (
					"$(inherited)",
					"@executable_path/Frameworks",
				);
				PRODUCT_BUNDLE_IDENTIFIER = com.sample.SampleBayut;
				PRODUCT_NAME = "$(TARGET_NAME)";
				SWIFT_VERSION = 5.0;
				TARGETED_DEVICE_FAMILY = "1,2";
			};
			name = Release;
		};
		257ED2102753CB900064EB99 /* Debug */ = {
			isa = XCBuildConfiguration;
			buildSettings = {
				ALWAYS_EMBED_SWIFT_STANDARD_LIBRARIES = YES;
				BUNDLE_LOADER = "$(TEST_HOST)";
				CODE_SIGN_STYLE = Automatic;
				INFOPLIST_FILE = SampleBayutTests/Info.plist;
				IPHONEOS_DEPLOYMENT_TARGET = 14.5;
				LD_RUNPATH_SEARCH_PATHS = (
					"$(inherited)",
					"@executable_path/Frameworks",
					"@loader_path/Frameworks",
				);
				PRODUCT_BUNDLE_IDENTIFIER = com.sample.SampleBayutTests;
				PRODUCT_NAME = "$(TARGET_NAME)";
				SWIFT_VERSION = 5.0;
				TARGETED_DEVICE_FAMILY = "1,2";
				TEST_HOST = "$(BUILT_PRODUCTS_DIR)/SampleBayut.app/SampleBayut";
			};
			name = Debug;
		};
		257ED2112753CB900064EB99 /* Release */ = {
			isa = XCBuildConfiguration;
			buildSettings = {
				ALWAYS_EMBED_SWIFT_STANDARD_LIBRARIES = YES;
				BUNDLE_LOADER = "$(TEST_HOST)";
				CODE_SIGN_STYLE = Automatic;
				INFOPLIST_FILE = SampleBayutTests/Info.plist;
				IPHONEOS_DEPLOYMENT_TARGET = 14.5;
				LD_RUNPATH_SEARCH_PATHS = (
					"$(inherited)",
					"@executable_path/Frameworks",
					"@loader_path/Frameworks",
				);
				PRODUCT_BUNDLE_IDENTIFIER = com.sample.SampleBayutTests;
				PRODUCT_NAME = "$(TARGET_NAME)";
				SWIFT_VERSION = 5.0;
				TARGETED_DEVICE_FAMILY = "1,2";
				TEST_HOST = "$(BUILT_PRODUCTS_DIR)/SampleBayut.app/SampleBayut";
			};
			name = Release;
		};
		257ED2132753CB900064EB99 /* Debug */ = {
			isa = XCBuildConfiguration;
			buildSettings = {
				ALWAYS_EMBED_SWIFT_STANDARD_LIBRARIES = YES;
				CODE_SIGN_STYLE = Automatic;
				INFOPLIST_FILE = SampleBayutUITests/Info.plist;
				LD_RUNPATH_SEARCH_PATHS = (
					"$(inherited)",
					"@executable_path/Frameworks",
					"@loader_path/Frameworks",
				);
				PRODUCT_BUNDLE_IDENTIFIER = com.sample.SampleBayutUITests;
				PRODUCT_NAME = "$(TARGET_NAME)";
				SWIFT_VERSION = 5.0;
				TARGETED_DEVICE_FAMILY = "1,2";
				TEST_TARGET_NAME = SampleBayut;
			};
			name = Debug;
		};
		257ED2142753CB900064EB99 /* Release */ = {
			isa = XCBuildConfiguration;
			buildSettings = {
				ALWAYS_EMBED_SWIFT_STANDARD_LIBRARIES = YES;
				CODE_SIGN_STYLE = Automatic;
				INFOPLIST_FILE = SampleBayutUITests/Info.plist;
				LD_RUNPATH_SEARCH_PATHS = (
					"$(inherited)",
					"@executable_path/Frameworks",
					"@loader_path/Frameworks",
				);
				PRODUCT_BUNDLE_IDENTIFIER = com.sample.SampleBayutUITests;
				PRODUCT_NAME = "$(TARGET_NAME)";
				SWIFT_VERSION = 5.0;
				TARGETED_DEVICE_FAMILY = "1,2";
				TEST_TARGET_NAME = SampleBayut;
			};
			name = Release;
		};
/* End XCBuildConfiguration section */

/* Begin XCConfigurationList section */
		257ED1DD2753CB8F0064EB99 /* Build configuration list for PBXProject "SampleBayut" */ = {
			isa = XCConfigurationList;
			buildConfigurations = (
				257ED20A2753CB900064EB99 /* Debug */,
				257ED20B2753CB900064EB99 /* Release */,
			);
			defaultConfigurationIsVisible = 0;
			defaultConfigurationName = Release;
		};
		257ED20C2753CB900064EB99 /* Build configuration list for PBXNativeTarget "SampleBayut" */ = {
			isa = XCConfigurationList;
			buildConfigurations = (
				257ED20D2753CB900064EB99 /* Debug */,
				257ED20E2753CB900064EB99 /* Release */,
			);
			defaultConfigurationIsVisible = 0;
			defaultConfigurationName = Release;
		};
		257ED20F2753CB900064EB99 /* Build configuration list for PBXNativeTarget "SampleBayutTests" */ = {
			isa = XCConfigurationList;
			buildConfigurations = (
				257ED2102753CB900064EB99 /* Debug */,
				257ED2112753CB900064EB99 /* Release */,
			);
			defaultConfigurationIsVisible = 0;
			defaultConfigurationName = Release;
		};
		257ED2122753CB900064EB99 /* Build configuration list for PBXNativeTarget "SampleBayutUITests" */ = {
			isa = XCConfigurationList;
			buildConfigurations = (
				257ED2132753CB900064EB99 /* Debug */,
				257ED2142753CB900064EB99 /* Release */,
			);
			defaultConfigurationIsVisible = 0;
			defaultConfigurationName = Release;
		};
/* End XCConfigurationList section */
	};
	rootObject = 257ED1DA2753CB8F0064EB99 /* Project object */;
}
